
Microsoft Visual Studio Solution File, Format Version 12.00
# Visual Studio Version 16
VisualStudioVersion = 16.0.30309.148
MinimumVisualStudioVersion = 10.0.40219.1
Project("{FAE04EC0-301F-11D3-BF4B-00C04F79EFBC}") = "BlogWebsite", "BlogWebsite\BlogWebsite.csproj", "{212A0712-0ADE-4E67-AF8E-BD22673BFD64}"
EndProject
Global
	GlobalSection(SolutionConfigurationPlatforms) = preSolution
		Debug|Any CPU = Debug|Any CPU
		Release|Any CPU = Release|Any CPU
	EndGlobalSection
	GlobalSection(ProjectConfigurationPlatforms) = postSolution
		{212A0712-0ADE-4E67-AF8E-BD22673BFD64}.Debug|Any CPU.ActiveCfg = Debug|Any CPU
		{212A0712-0ADE-4E67-AF8E-BD22673BFD64}.Debug|Any CPU.Build.0 = Debug|Any CPU
		{212A0712-0ADE-4E67-AF8E-BD22673BFD64}.Release|Any CPU.ActiveCfg = Release|Any CPU
		{212A0712-0ADE-4E67-AF8E-BD22673BFD64}.Release|Any CPU.Build.0 = Release|Any CPU
	EndGlobalSection
	GlobalSection(SolutionProperties) = preSolution
		HideSolutionNode = FALSE
	EndGlobalSection
	GlobalSection(ExtensibilityGlobals) = postSolution
		SolutionGuid = {84C8444A-C56E-472B-8EF7-D9748664D952}
	EndGlobalSection
EndGlobal
